{
  "nodes": {
    "alacritty-theme": {
      "inputs": {
        "alacritty-theme": "alacritty-theme_2",
        "flake-parts": "flake-parts",
        "nixpkgs": "nixpkgs"
      },
      "locked": {
        "lastModified": 1747856310,
        "narHash": "sha256-EiM0u3X9/mS9OclP5QyJXljQ9oVD2EZ6eg70Wd71Bog=",
        "owner": "alexghr",
        "repo": "alacritty-theme.nix",
        "rev": "39e5c293ee37c746edffeca38051985d58c0d23a",
        "type": "github"
      },
      "original": {
        "owner": "alexghr",
        "repo": "alacritty-theme.nix",
        "type": "github"
      }
    },
    "alacritty-theme_2": {
      "flake": false,
      "locked": {
        "lastModified": 1747350674,
        "narHash": "sha256-1LRR4ciM/f1Fu9sLcq53b6eXK1qggvvkSY8iqF0Yw50=",
        "owner": "alacritty",
        "repo": "alacritty-theme",
        "rev": "59a96ef4c734f97a1aadaa619b31cc1ca90a0fbc",
        "type": "github"
      },
      "original": {
        "owner": "alacritty",
        "repo": "alacritty-theme",
        "type": "github"
      }
    },
    "aquamarine": {
      "inputs": {
        "hyprutils": [
          "hyprland",
          "hyprutils"
        ],
        "hyprwayland-scanner": [
          "hyprland",
          "hyprwayland-scanner"
        ],
        "nixpkgs": [
          "hyprland",
          "nixpkgs"
        ],
        "systems": [
          "hyprland",
          "systems"
        ]
      },
      "locked": {
        "lastModified": 1745357003,
        "narHash": "sha256-jYwzQkv1r7HN/4qrAuKp+NR4YYNp2xDrOX5O9YVqkWo=",
        "owner": "hyprwm",
        "repo": "aquamarine",
        "rev": "a19cf76ee1a15c1c12083fa372747ce46387289f",
        "type": "github"
      },
      "original": {
        "owner": "hyprwm",
        "repo": "aquamarine",
        "type": "github"
      }
    },
    "ashell": {
      "inputs": {
        "crane": "crane",
        "flake-utils": "flake-utils",
        "nixpkgs": "nixpkgs_2",
        "rust-overlay": "rust-overlay"
      },
      "locked": {
        "lastModified": 1749213029,
        "narHash": "sha256-4OJHnYy3LcABDaSraqoXdTpdfcjRQd+B4hc2AOM/oi8=",
        "owner": "MalpenZibo",
        "repo": "ashell",
        "rev": "8ae2268e57c48fc59371bb145b22d13ccf7f2a83",
        "type": "github"
      },
      "original": {
        "owner": "MalpenZibo",
        "repo": "ashell",
        "type": "github"
      }
    },
    "bzmenu": {
      "inputs": {
        "flake-utils": "flake-utils_2",
        "nixpkgs": "nixpkgs_3",
        "rust-overlay": "rust-overlay_2"
      },
      "locked": {
        "lastModified": 1748611268,
        "narHash": "sha256-c4tmqz/22nG52B7ojitZUjNMK88RRnz2OPVzNEeN74M=",
        "owner": "e-tho",
        "repo": "bzmenu",
        "rev": "90d0da3fce6e2c9c7fde307624a24dbcf16b1e0c",
        "type": "github"
      },
      "original": {
        "owner": "e-tho",
        "repo": "bzmenu",
        "type": "github"
      }
    },
    "crane": {
      "locked": {
        "lastModified": 1748047550,
        "narHash": "sha256-t0qLLqb4C1rdtiY8IFRH5KIapTY/n3Lqt57AmxEv9mk=",
        "owner": "ipetkov",
        "repo": "crane",
        "rev": "b718a78696060df6280196a6f992d04c87a16aef",
        "type": "github"
      },
      "original": {
        "owner": "ipetkov",
        "repo": "crane",
        "type": "github"
      }
    },
    "flake-compat": {
      "flake": false,
      "locked": {
        "lastModified": 1747046372,
        "narHash": "sha256-CIVLLkVgvHYbgI2UpXvIIBJ12HWgX+fjA8Xf8PUmqCY=",
        "owner": "edolstra",
        "repo": "flake-compat",
        "rev": "9100a0f413b0c601e0533d1d94ffd501ce2e7885",
        "type": "github"
      },
      "original": {
        "owner": "edolstra",
        "repo": "flake-compat",
        "type": "github"
      }
    },
    "flake-compat_2": {
      "flake": false,
      "locked": {
        "lastModified": 1696426674,
        "narHash": "sha256-kvjfFW7WAETZlt09AgDn1MrtKzP7t90Vf7vypd3OL1U=",
        "owner": "edolstra",
        "repo": "flake-compat",
        "rev": "0f9255e01c2351cc7d116c072cb317785dd33b33",
        "type": "github"
      },
      "original": {
        "owner": "edolstra",
        "repo": "flake-compat",
        "type": "github"
      }
    },
    "flake-compat_3": {
      "flake": false,
      "locked": {
        "lastModified": 1696426674,
        "narHash": "sha256-kvjfFW7WAETZlt09AgDn1MrtKzP7t90Vf7vypd3OL1U=",
        "owner": "edolstra",
        "repo": "flake-compat",
        "rev": "0f9255e01c2351cc7d116c072cb317785dd33b33",
        "type": "github"
      },
      "original": {
        "owner": "edolstra",
        "repo": "flake-compat",
        "type": "github"
      }
    },
    "flake-parts": {
      "inputs": {
        "nixpkgs-lib": "nixpkgs-lib"
      },
      "locked": {
        "lastModified": 1743550720,
        "narHash": "sha256-hIshGgKZCgWh6AYJpJmRgFdR3WUbkY04o82X05xqQiY=",
        "owner": "hercules-ci",
        "repo": "flake-parts",
        "rev": "c621e8422220273271f52058f618c94e405bb0f5",
        "type": "github"
      },
      "original": {
        "owner": "hercules-ci",
        "repo": "flake-parts",
        "type": "github"
      }
    },
    "flake-utils": {
      "inputs": {
        "systems": "systems"
      },
      "locked": {
        "lastModified": 1731533236,
        "narHash": "sha256-l0KFg5HjrsfsO/JpG+r7fRrqm12kzFHyUHqHCVpMMbI=",
        "owner": "numtide",
        "repo": "flake-utils",
        "rev": "11707dc2f618dd54ca8739b309ec4fc024de578b",
        "type": "github"
      },
      "original": {
        "owner": "numtide",
        "repo": "flake-utils",
        "type": "github"
      }
    },
    "flake-utils_2": {
      "inputs": {
        "systems": "systems_2"
      },
      "locked": {
        "lastModified": 1731533236,
        "narHash": "sha256-l0KFg5HjrsfsO/JpG+r7fRrqm12kzFHyUHqHCVpMMbI=",
        "owner": "numtide",
        "repo": "flake-utils",
        "rev": "11707dc2f618dd54ca8739b309ec4fc024de578b",
        "type": "github"
      },
      "original": {
        "owner": "numtide",
        "repo": "flake-utils",
        "type": "github"
      }
    },
    "flake-utils_3": {
      "inputs": {
        "systems": "systems_3"
      },
      "locked": {
        "lastModified": 1731533236,
        "narHash": "sha256-l0KFg5HjrsfsO/JpG+r7fRrqm12kzFHyUHqHCVpMMbI=",
        "owner": "numtide",
        "repo": "flake-utils",
        "rev": "11707dc2f618dd54ca8739b309ec4fc024de578b",
        "type": "github"
      },
      "original": {
        "owner": "numtide",
        "repo": "flake-utils",
        "type": "github"
      }
    },
    "flake-utils_4": {
      "inputs": {
        "systems": "systems_8"
      },
      "locked": {
        "lastModified": 1731533236,
        "narHash": "sha256-l0KFg5HjrsfsO/JpG+r7fRrqm12kzFHyUHqHCVpMMbI=",
        "owner": "numtide",
        "repo": "flake-utils",
        "rev": "11707dc2f618dd54ca8739b309ec4fc024de578b",
        "type": "github"
      },
      "original": {
        "owner": "numtide",
        "repo": "flake-utils",
        "type": "github"
      }
    },
    "ghostty": {
      "inputs": {
        "flake-compat": "flake-compat",
        "flake-utils": "flake-utils_3",
        "nixpkgs": "nixpkgs_5",
        "zig": "zig",
        "zon2nix": "zon2nix"
      },
      "locked": {
        "lastModified": 1749650083,
        "narHash": "sha256-4a36yRN3MbjCxW4ovBNvHTCS/1Dru2KVhZLTeVMJqzw=",
        "owner": "ghostty-org",
        "repo": "ghostty",
        "rev": "c3d65d3975f91773f10fb19e10911e0f4d6463aa",
        "type": "github"
      },
      "original": {
        "owner": "ghostty-org",
        "repo": "ghostty",
        "type": "github"
      }
    },
    "gitignore": {
      "inputs": {
        "nixpkgs": [
          "hyprland",
          "pre-commit-hooks",
          "nixpkgs"
        ]
      },
      "locked": {
        "lastModified": 1709087332,
        "narHash": "sha256-HG2cCnktfHsKV0s4XW83gU3F57gaTljL9KNSuG6bnQs=",
        "owner": "hercules-ci",
        "repo": "gitignore.nix",
        "rev": "637db329424fd7e46cf4185293b9cc8c88c95394",
        "type": "github"
      },
      "original": {
        "owner": "hercules-ci",
        "repo": "gitignore.nix",
        "type": "github"
      }
    },
    "home-manager": {
      "inputs": {
        "nixpkgs": [
          "nixpkgs"
        ]
      },
      "locked": {
        "lastModified": 1749154018,
        "narHash": "sha256-gjN3j7joRvT3a8Zgcylnd4NFsnXeDBumqiu4HmY1RIg=",
        "owner": "nix-community",
        "repo": "home-manager",
        "rev": "7aae0ee71a17b19708b93b3ed448a1a0952bf111",
        "type": "github"
      },
      "original": {
        "owner": "nix-community",
        "ref": "release-25.05",
        "repo": "home-manager",
        "type": "github"
      }
    },
    "hyprcursor": {
      "inputs": {
        "hyprlang": [
          "hyprland",
          "hyprlang"
        ],
        "nixpkgs": [
          "hyprland",
          "nixpkgs"
        ],
        "systems": [
          "hyprland",
          "systems"
        ]
      },
      "locked": {
        "lastModified": 1745948457,
        "narHash": "sha256-lzTV10FJTCGNtMdgW5YAhCAqezeAzKOd/97HbQK8GTU=",
        "owner": "hyprwm",
        "repo": "hyprcursor",
        "rev": "ac903e80b33ba6a88df83d02232483d99f327573",
        "type": "github"
      },
      "original": {
        "owner": "hyprwm",
        "repo": "hyprcursor",
        "type": "github"
      }
    },
    "hyprgraphics": {
      "inputs": {
        "hyprutils": [
          "hyprland",
          "hyprutils"
        ],
        "nixpkgs": [
          "hyprland",
          "nixpkgs"
        ],
        "systems": [
          "hyprland",
          "systems"
        ]
      },
      "locked": {
        "lastModified": 1745015490,
        "narHash": "sha256-apEJ9zoSzmslhJ2vOKFcXTMZLUFYzh1ghfB6Rbw3Low=",
        "owner": "hyprwm",
        "repo": "hyprgraphics",
        "rev": "60754910946b4e2dc1377b967b7156cb989c5873",
        "type": "github"
      },
      "original": {
        "owner": "hyprwm",
        "repo": "hyprgraphics",
        "type": "github"
      }
    },
    "hyprgraphics_2": {
      "inputs": {
        "hyprutils": [
          "hyprlock",
          "hyprutils"
        ],
        "nixpkgs": [
          "hyprlock",
          "nixpkgs"
        ],
        "systems": [
          "hyprlock",
          "systems"
        ]
      },
      "locked": {
        "lastModified": 1743953322,
        "narHash": "sha256-prQ5JKopXtzCMX2eT3dXbaVvGmzjMRE2bXStQDdazpM=",
        "owner": "hyprwm",
        "repo": "hyprgraphics",
        "rev": "9d7f2687c84c729afbc3b13f7937655570f2978d",
        "type": "github"
      },
      "original": {
        "owner": "hyprwm",
        "repo": "hyprgraphics",
        "type": "github"
      }
    },
    "hypridle": {
      "inputs": {
        "hyprland-protocols": "hyprland-protocols",
        "hyprlang": "hyprlang",
        "hyprutils": "hyprutils",
        "hyprwayland-scanner": "hyprwayland-scanner",
        "nixpkgs": "nixpkgs_6",
        "systems": "systems_4"
      },
      "locked": {
        "lastModified": 1743171426,
        "narHash": "sha256-uChAGmceKS9F9jqs1xb58BLTVZLF+sFU00MWDEVfYLg=",
        "owner": "hyprwm",
        "repo": "hypridle",
        "rev": "84f9f2e127dba49c9bffe293f46bed400e0034a0",
        "type": "github"
      },
      "original": {
        "owner": "hyprwm",
        "ref": "v0.1.6",
        "repo": "hypridle",
        "type": "github"
      }
    },
    "hyprland": {
      "inputs": {
        "aquamarine": "aquamarine",
        "hyprcursor": "hyprcursor",
        "hyprgraphics": "hyprgraphics",
        "hyprland-protocols": "hyprland-protocols_2",
        "hyprland-qtutils": "hyprland-qtutils",
        "hyprlang": "hyprlang_2",
        "hyprutils": "hyprutils_2",
        "hyprwayland-scanner": "hyprwayland-scanner_2",
        "nixpkgs": "nixpkgs_7",
        "pre-commit-hooks": "pre-commit-hooks",
        "systems": "systems_5",
        "xdph": "xdph"
      },
      "locked": {
        "lastModified": 1746735318,
        "narHash": "sha256-3RVRQr+2WKBflZSsoLym9RwyqHWPk/J5WRtuJ0hgA+g=",
        "ref": "refs/tags/v0.49.0",
        "rev": "9958d297641b5c84dcff93f9039d80a5ad37ab00",
        "revCount": 6098,
        "submodules": true,
        "type": "git",
        "url": "https://github.com/hyprwm/Hyprland"
      },
      "original": {
        "ref": "refs/tags/v0.49.0",
        "submodules": true,
        "type": "git",
        "url": "https://github.com/hyprwm/Hyprland"
      }
    },
    "hyprland-plugins": {
      "inputs": {
        "hyprland": [
          "hyprland"
        ],
        "nixpkgs": [
          "hyprland-plugins",
          "hyprland",
          "nixpkgs"
        ],
        "systems": [
          "hyprland-plugins",
          "hyprland",
          "systems"
        ]
      },
      "locked": {
        "lastModified": 1747595918,
        "narHash": "sha256-5wjvmFtk85uBJLnrKZbfrgo9OTTQlFP18ZNgfBwFsz0=",
        "owner": "hyprwm",
        "repo": "hyprland-plugins",
        "rev": "4dea1029e837ae642979ab509eb2eddc959470d0",
        "type": "github"
      },
      "original": {
        "owner": "hyprwm",
        "ref": "v0.49.0-fix",
        "repo": "hyprland-plugins",
        "type": "github"
      }
    },
    "hyprland-protocols": {
      "inputs": {
        "nixpkgs": [
          "hypridle",
          "nixpkgs"
        ],
        "systems": [
          "hypridle",
          "systems"
        ]
      },
      "locked": {
        "lastModified": 1737556638,
        "narHash": "sha256-laKgI3mr2qz6tas/q3tuGPxMdsGhBi/w+HO+hO2f1AY=",
        "owner": "hyprwm",
        "repo": "hyprland-protocols",
        "rev": "4c75dd5c015c8a0e5a34c6d02a018a650f57feb5",
        "type": "github"
      },
      "original": {
        "owner": "hyprwm",
        "repo": "hyprland-protocols",
        "type": "github"
      }
    },
    "hyprland-protocols_2": {
      "inputs": {
        "nixpkgs": [
          "hyprland",
          "nixpkgs"
        ],
        "systems": [
          "hyprland",
          "systems"
        ]
      },
      "locked": {
        "lastModified": 1743714874,
        "narHash": "sha256-yt8F7NhMFCFHUHy/lNjH/pjZyIDFNk52Q4tivQ31WFo=",
        "owner": "hyprwm",
        "repo": "hyprland-protocols",
        "rev": "3a5c2bda1c1a4e55cc1330c782547695a93f05b2",
        "type": "github"
      },
      "original": {
        "owner": "hyprwm",
        "repo": "hyprland-protocols",
        "type": "github"
      }
    },
    "hyprland-qt-support": {
      "inputs": {
        "hyprlang": [
          "hyprland",
          "hyprland-qtutils",
          "hyprlang"
        ],
        "nixpkgs": [
          "hyprland",
          "hyprland-qtutils",
          "nixpkgs"
        ],
        "systems": [
          "hyprland",
          "hyprland-qtutils",
          "systems"
        ]
      },
      "locked": {
        "lastModified": 1737634706,
        "narHash": "sha256-nGCibkfsXz7ARx5R+SnisRtMq21IQIhazp6viBU8I/A=",
        "owner": "hyprwm",
        "repo": "hyprland-qt-support",
        "rev": "8810df502cdee755993cb803eba7b23f189db795",
        "type": "github"
      },
      "original": {
        "owner": "hyprwm",
        "repo": "hyprland-qt-support",
        "type": "github"
      }
    },
    "hyprland-qt-support_2": {
      "inputs": {
        "hyprlang": "hyprlang_3",
        "nixpkgs": [
          "hyprland-systeminfo",
          "nixpkgs"
        ],
        "systems": [
          "hyprland-systeminfo",
          "systems"
        ]
      },
      "locked": {
        "lastModified": 1736458345,
        "narHash": "sha256-VtnTAUKPjV4XstRmO417GqSMUhTrMPqJDfxkJCMyUSk=",
        "owner": "hyprwm",
        "repo": "hyprland-qt-support",
        "rev": "16c35452e45631bb40097e6e66370b174c0298eb",
        "type": "github"
      },
      "original": {
        "owner": "hyprwm",
        "repo": "hyprland-qt-support",
        "type": "github"
      }
    },
    "hyprland-qtutils": {
      "inputs": {
        "hyprland-qt-support": "hyprland-qt-support",
        "hyprlang": [
          "hyprland",
          "hyprlang"
        ],
        "hyprutils": [
          "hyprland",
          "hyprland-qtutils",
          "hyprlang",
          "hyprutils"
        ],
        "nixpkgs": [
          "hyprland",
          "nixpkgs"
        ],
        "systems": [
          "hyprland",
          "systems"
        ]
      },
      "locked": {
        "lastModified": 1745951494,
        "narHash": "sha256-2dModE32doiyQMmd6EDAQeZnz+5LOs6KXyE0qX76WIg=",
        "owner": "hyprwm",
        "repo": "hyprland-qtutils",
        "rev": "4be1d324faf8d6e82c2be9f8510d299984dfdd2e",
        "type": "github"
      },
      "original": {
        "owner": "hyprwm",
        "repo": "hyprland-qtutils",
        "type": "github"
      }
    },
    "hyprland-systeminfo": {
      "inputs": {
        "hyprland-qt-support": "hyprland-qt-support_2",
        "hyprutils": "hyprutils_4",
        "nixpkgs": [
          "nixpkgs"
        ],
        "systems": "systems_6"
      },
      "locked": {
        "lastModified": 1736524390,
        "narHash": "sha256-KDxT9B+1SATWiZdUBAQvZu17vk3xmyXcw2Zy56bdWbY=",
        "owner": "hyprwm",
        "repo": "hyprsysteminfo",
        "rev": "17f041e2d539bd63ec116a77236ea37a17c6b3e6",
        "type": "github"
      },
      "original": {
        "owner": "hyprwm",
        "ref": "v0.1.3",
        "repo": "hyprsysteminfo",
        "type": "github"
      }
    },
    "hyprlang": {
      "inputs": {
        "hyprutils": [
          "hypridle",
          "hyprutils"
        ],
        "nixpkgs": [
          "hypridle",
          "nixpkgs"
        ],
        "systems": [
          "hypridle",
          "systems"
        ]
      },
      "locked": {
        "lastModified": 1737634606,
        "narHash": "sha256-W7W87Cv6wqZ9PHegI6rH1+ve3zJPiyevMFf0/HwdbCQ=",
        "owner": "hyprwm",
        "repo": "hyprlang",
        "rev": "f41271d35cc0f370d300413d756c2677f386af9d",
        "type": "github"
      },
      "original": {
        "owner": "hyprwm",
        "repo": "hyprlang",
        "type": "github"
      }
    },
    "hyprlang_2": {
      "inputs": {
        "hyprutils": [
          "hyprland",
          "hyprutils"
        ],
        "nixpkgs": [
          "hyprland",
          "nixpkgs"
        ],
        "systems": [
          "hyprland",
          "systems"
        ]
      },
      "locked": {
        "lastModified": 1746655412,
        "narHash": "sha256-kVQ0bHVtX6baYxRWWIh4u3LNJZb9Zcm2xBeDPOGz5BY=",
        "owner": "hyprwm",
        "repo": "hyprlang",
        "rev": "557241780c179cf7ef224df392f8e67dab6cef83",
        "type": "github"
      },
      "original": {
        "owner": "hyprwm",
        "repo": "hyprlang",
        "type": "github"
      }
    },
    "hyprlang_3": {
      "inputs": {
        "hyprutils": "hyprutils_3",
        "nixpkgs": [
          "hyprland-systeminfo",
          "hyprland-qt-support",
          "nixpkgs"
        ],
        "systems": [
          "hyprland-systeminfo",
          "hyprland-qt-support",
          "systems"
        ]
      },
      "locked": {
        "lastModified": 1735393019,
        "narHash": "sha256-NPpqA8rtmDLsEmZOmz+qR67zsB6Y503Jnv+nSFLKJZ8=",
        "owner": "hyprwm",
        "repo": "hyprlang",
        "rev": "55608efdaa387af7bfdc0eddb404c409958efa43",
        "type": "github"
      },
      "original": {
        "owner": "hyprwm",
        "repo": "hyprlang",
        "type": "github"
      }
    },
    "hyprlang_4": {
      "inputs": {
        "hyprutils": [
          "hyprlock",
          "hyprutils"
        ],
        "nixpkgs": [
          "hyprlock",
          "nixpkgs"
        ],
        "systems": [
          "hyprlock",
          "systems"
        ]
      },
      "locked": {
        "lastModified": 1744468525,
        "narHash": "sha256-9HySx+EtsbbKlZDlY+naqqOV679VdxP6x6fP3wxDXJk=",
        "owner": "hyprwm",
        "repo": "hyprlang",
        "rev": "f1000c54d266e6e4e9d646df0774fac5b8a652df",
        "type": "github"
      },
      "original": {
        "owner": "hyprwm",
        "repo": "hyprlang",
        "type": "github"
      }
    },
    "hyprlock": {
      "inputs": {
        "hyprgraphics": "hyprgraphics_2",
        "hyprlang": "hyprlang_4",
        "hyprutils": "hyprutils_5",
        "hyprwayland-scanner": "hyprwayland-scanner_3",
        "nixpkgs": "nixpkgs_8",
        "systems": "systems_7"
      },
      "locked": {
        "lastModified": 1746281087,
        "narHash": "sha256-9amK5DEpueAD+aobmBmjbV+C16RO7lcDOdf5ucJtNvM=",
        "owner": "hyprwm",
        "repo": "hyprlock",
        "rev": "6c64630df81b52208b210f02476f55e4db56e6cf",
        "type": "github"
      },
      "original": {
        "owner": "hyprwm",
        "ref": "v0.8.2",
        "repo": "hyprlock",
        "type": "github"
      }
    },
    "hyprutils": {
      "inputs": {
        "nixpkgs": [
          "hypridle",
          "nixpkgs"
        ],
        "systems": [
          "hypridle",
          "systems"
        ]
      },
      "locked": {
        "lastModified": 1737632363,
        "narHash": "sha256-X9I8POSlHxBVjD0fiX1O2j7U9Zi1+4rIkrsyHP0uHXY=",
        "owner": "hyprwm",
        "repo": "hyprutils",
        "rev": "006620eb29d54ea9086538891404c78563d1bae1",
        "type": "github"
      },
      "original": {
        "owner": "hyprwm",
        "repo": "hyprutils",
        "type": "github"
      }
    },
    "hyprutils_2": {
      "inputs": {
        "nixpkgs": [
          "hyprland",
          "nixpkgs"
        ],
        "systems": [
          "hyprland",
          "systems"
        ]
      },
      "locked": {
        "lastModified": 1746635225,
        "narHash": "sha256-W9G9bb0zRYDBRseHbVez0J8qVpD5QbizX67H/vsudhM=",
        "owner": "hyprwm",
        "repo": "hyprutils",
        "rev": "674ea57373f08b7609ce93baff131117a0dfe70d",
        "type": "github"
      },
      "original": {
        "owner": "hyprwm",
        "repo": "hyprutils",
        "type": "github"
      }
    },
    "hyprutils_3": {
      "inputs": {
        "nixpkgs": [
          "hyprland-systeminfo",
          "hyprland-qt-support",
          "hyprlang",
          "nixpkgs"
        ],
        "systems": [
          "hyprland-systeminfo",
          "hyprland-qt-support",
          "hyprlang",
          "systems"
        ]
      },
      "locked": {
        "lastModified": 1734796073,
        "narHash": "sha256-TnuKsa8OHrSJEmHm3TLGOWbPNA1gRjmZLsRzKrCqOsg=",
        "owner": "hyprwm",
        "repo": "hyprutils",
        "rev": "c3331116ebd0b71df5ae8c6efe9a7f94148b03bf",
        "type": "github"
      },
      "original": {
        "owner": "hyprwm",
        "repo": "hyprutils",
        "type": "github"
      }
    },
    "hyprutils_4": {
      "inputs": {
        "nixpkgs": [
          "hyprland-systeminfo",
          "nixpkgs"
        ],
        "systems": [
          "hyprland-systeminfo",
          "systems"
        ]
      },
      "locked": {
        "lastModified": 1736164519,
        "narHash": "sha256-1LimBKvDpBbeX+qW7T240WEyw+DBVpDotZB4JYm8Aps=",
        "owner": "hyprwm",
        "repo": "hyprutils",
        "rev": "3c895da64b0eb19870142196fa48c07090b441c4",
        "type": "github"
      },
      "original": {
        "owner": "hyprwm",
        "repo": "hyprutils",
        "type": "github"
      }
    },
    "hyprutils_5": {
      "inputs": {
        "nixpkgs": [
          "hyprlock",
          "nixpkgs"
        ],
        "systems": [
          "hyprlock",
          "systems"
        ]
      },
      "locked": {
        "lastModified": 1743950287,
        "narHash": "sha256-/6IAEWyb8gC/NKZElxiHChkouiUOrVYNq9YqG0Pzm4Y=",
        "owner": "hyprwm",
        "repo": "hyprutils",
        "rev": "f2dc70e448b994cef627a157ee340135bd68fbc6",
        "type": "github"
      },
      "original": {
        "owner": "hyprwm",
        "repo": "hyprutils",
        "type": "github"
      }
    },
    "hyprwayland-scanner": {
      "inputs": {
        "nixpkgs": [
          "hypridle",
          "nixpkgs"
        ],
        "systems": [
          "hypridle",
          "systems"
        ]
      },
      "locked": {
        "lastModified": 1735493474,
        "narHash": "sha256-fktzv4NaqKm94VAkAoVqO/nqQlw+X0/tJJNAeCSfzK4=",
        "owner": "hyprwm",
        "repo": "hyprwayland-scanner",
        "rev": "de913476b59ee88685fdc018e77b8f6637a2ae0b",
        "type": "github"
      },
      "original": {
        "owner": "hyprwm",
        "repo": "hyprwayland-scanner",
        "type": "github"
      }
    },
    "hyprwayland-scanner_2": {
      "inputs": {
        "nixpkgs": [
          "hyprland",
          "nixpkgs"
        ],
        "systems": [
          "hyprland",
          "systems"
        ]
      },
      "locked": {
        "lastModified": 1739870480,
        "narHash": "sha256-SiDN5BGxa/1hAsqhgJsS03C3t2QrLgBT8u+ENJ0Qzwc=",
        "owner": "hyprwm",
        "repo": "hyprwayland-scanner",
        "rev": "206367a08dc5ac4ba7ad31bdca391d098082e64b",
        "type": "github"
      },
      "original": {
        "owner": "hyprwm",
        "repo": "hyprwayland-scanner",
        "type": "github"
      }
    },
    "hyprwayland-scanner_3": {
      "inputs": {
        "nixpkgs": [
          "hyprlock",
          "nixpkgs"
        ],
        "systems": [
          "hyprlock",
          "systems"
        ]
      },
      "locked": {
        "lastModified": 1739870480,
        "narHash": "sha256-SiDN5BGxa/1hAsqhgJsS03C3t2QrLgBT8u+ENJ0Qzwc=",
        "owner": "hyprwm",
        "repo": "hyprwayland-scanner",
        "rev": "206367a08dc5ac4ba7ad31bdca391d098082e64b",
        "type": "github"
      },
      "original": {
        "owner": "hyprwm",
        "repo": "hyprwayland-scanner",
        "type": "github"
      }
    },
    "iwmenu": {
      "inputs": {
        "flake-utils": "flake-utils_4",
        "nixpkgs": "nixpkgs_9",
        "rust-overlay": "rust-overlay_3"
      },
      "locked": {
        "lastModified": 1748611214,
        "narHash": "sha256-yBl4jIioxhULgoINShAJtG9eOIiKJdIYxxQZDhH93O0=",
        "owner": "e-tho",
        "repo": "iwmenu",
        "rev": "41096383e00be576b50cb0d24fa380d6dfdfe9f2",
        "type": "github"
      },
      "original": {
        "owner": "e-tho",
        "repo": "iwmenu",
        "type": "github"
      }
    },
    "matugen": {
      "inputs": {
        "nixpkgs": "nixpkgs_11",
        "systems": "systems_9"
      },
      "locked": {
        "lastModified": 1731508795,
        "narHash": "sha256-+UibbVz5CTisKMms/5VXGe39FYr56qzaEtX4TWQPkjk=",
        "owner": "InioX",
        "repo": "matugen",
        "rev": "cb9f81eb0150f6253895ea0adb1daa8534c15fc7",
        "type": "github"
      },
      "original": {
        "owner": "InioX",
        "ref": "v2.4.1",
        "repo": "matugen",
        "type": "github"
      }
    },
    "nix-flatpak": {
      "locked": {
        "lastModified": 1739444422,
        "narHash": "sha256-iAVVHi7X3kWORftY+LVbRiStRnQEob2TULWyjMS6dWg=",
        "owner": "gmodena",
        "repo": "nix-flatpak",
        "rev": "5e54c3ca05a7c7d968ae1ddeabe01d2a9bc1e177",
        "type": "github"
      },
      "original": {
        "owner": "gmodena",
        "ref": "latest",
        "repo": "nix-flatpak",
        "type": "github"
      }
    },
    "nixos-hardware": {
      "locked": {
        "lastModified": 1749195551,
        "narHash": "sha256-W5GKQHgunda/OP9sbKENBZhMBDNu2QahoIPwnsF6CeM=",
        "owner": "nixos",
        "repo": "nixos-hardware",
        "rev": "4602f7e1d3f197b3cb540d5accf5669121629628",
        "type": "github"
      },
      "original": {
        "owner": "nixos",
        "repo": "nixos-hardware",
        "type": "github"
      }
    },
    "nixpkgs": {
      "locked": {
        "lastModified": 1744463964,
        "narHash": "sha256-LWqduOgLHCFxiTNYi3Uj5Lgz0SR+Xhw3kr/3Xd0GPTM=",
        "owner": "NixOS",
        "repo": "nixpkgs",
        "rev": "2631b0b7abcea6e640ce31cd78ea58910d31e650",
        "type": "github"
      },
      "original": {
        "owner": "NixOS",
        "ref": "nixos-unstable",
        "repo": "nixpkgs",
        "type": "github"
      }
    },
    "nixpkgs-lib": {
      "locked": {
        "lastModified": 1743296961,
        "narHash": "sha256-b1EdN3cULCqtorQ4QeWgLMrd5ZGOjLSLemfa00heasc=",
        "owner": "nix-community",
        "repo": "nixpkgs.lib",
        "rev": "e4822aea2a6d1cdd36653c134cacfd64c97ff4fa",
        "type": "github"
      },
      "original": {
        "owner": "nix-community",
        "repo": "nixpkgs.lib",
        "type": "github"
      }
    },
    "nixpkgs-unstable": {
      "locked": {
        "lastModified": 1749285348,
        "narHash": "sha256-frdhQvPbmDYaScPFiCnfdh3B/Vh81Uuoo0w5TkWmmjU=",
        "owner": "NixOS",
        "repo": "nixpkgs",
        "rev": "3e3afe5174c561dee0df6f2c2b2236990146329f",
        "type": "github"
      },
      "original": {
        "owner": "NixOS",
        "ref": "nixos-unstable",
        "repo": "nixpkgs",
        "type": "github"
      }
    },
    "nixpkgs_10": {
      "locked": {
        "lastModified": 1744536153,
        "narHash": "sha256-awS2zRgF4uTwrOKwwiJcByDzDOdo3Q1rPZbiHQg/N38=",
        "owner": "NixOS",
        "repo": "nixpkgs",
        "rev": "18dd725c29603f582cf1900e0d25f9f1063dbf11",
        "type": "github"
      },
      "original": {
        "owner": "NixOS",
        "ref": "nixpkgs-unstable",
        "repo": "nixpkgs",
        "type": "github"
      }
    },
    "nixpkgs_11": {
      "locked": {
        "lastModified": 1724479785,
        "narHash": "sha256-pP3Azj5d6M5nmG68Fu4JqZmdGt4S4vqI5f8te+E/FTw=",
        "owner": "nixos",
        "repo": "nixpkgs",
        "rev": "d0e1602ddde669d5beb01aec49d71a51937ed7be",
        "type": "github"
      },
      "original": {
        "owner": "nixos",
        "ref": "nixos-unstable",
        "repo": "nixpkgs",
        "type": "github"
      }
    },
    "nixpkgs_12": {
      "locked": {
        "lastModified": 1749727998,
        "narHash": "sha256-mHv/yeUbmL91/TvV95p+mBVahm9mdQMJoqaTVTALaFw=",
        "owner": "NixOS",
        "repo": "nixpkgs",
        "rev": "fd487183437963a59ba763c0cc4f27e3447dd6dd",
        "type": "github"
      },
      "original": {
        "owner": "NixOS",
        "ref": "nixos-25.05",
        "repo": "nixpkgs",
        "type": "github"
      }
    },
    "nixpkgs_13": {
      "locked": {
        "lastModified": 1747542820,
        "narHash": "sha256-GaOZntlJ6gPPbbkTLjbd8BMWaDYafhuuYRNrxCGnPJw=",
        "owner": "NixOS",
        "repo": "nixpkgs",
        "rev": "292fa7d4f6519c074f0a50394dbbe69859bb6043",
        "type": "github"
      },
      "original": {
        "owner": "NixOS",
        "ref": "nixos-unstable",
        "repo": "nixpkgs",
        "type": "github"
      }
    },
    "nixpkgs_2": {
      "locked": {
        "lastModified": 1748026106,
        "narHash": "sha256-6m1Y3/4pVw1RWTsrkAK2VMYSzG4MMIj7sqUy7o8th1o=",
        "owner": "NixOS",
        "repo": "nixpkgs",
        "rev": "063f43f2dbdef86376cc29ad646c45c46e93234c",
        "type": "github"
      },
      "original": {
        "owner": "NixOS",
        "ref": "nixos-unstable",
        "repo": "nixpkgs",
        "type": "github"
      }
    },
    "nixpkgs_3": {
      "locked": {
        "lastModified": 1746461020,
        "narHash": "sha256-7+pG1I9jvxNlmln4YgnlW4o+w0TZX24k688mibiFDUE=",
        "owner": "NixOS",
        "repo": "nixpkgs",
        "rev": "3730d8a308f94996a9ba7c7138ede69c1b9ac4ae",
        "type": "github"
      },
      "original": {
        "owner": "NixOS",
        "ref": "nixos-unstable",
        "repo": "nixpkgs",
        "type": "github"
      }
    },
    "nixpkgs_4": {
      "locked": {
        "lastModified": 1744536153,
        "narHash": "sha256-awS2zRgF4uTwrOKwwiJcByDzDOdo3Q1rPZbiHQg/N38=",
        "owner": "NixOS",
        "repo": "nixpkgs",
        "rev": "18dd725c29603f582cf1900e0d25f9f1063dbf11",
        "type": "github"
      },
      "original": {
        "owner": "NixOS",
        "ref": "nixpkgs-unstable",
        "repo": "nixpkgs",
        "type": "github"
      }
    },
    "nixpkgs_5": {
      "locked": {
        "lastModified": 1748189127,
        "narHash": "sha256-zRDR+EbbeObu4V2X5QCd2Bk5eltfDlCr5yvhBwUT6pY=",
        "rev": "7c43f080a7f28b2774f3b3f43234ca11661bf334",
        "type": "tarball",
        "url": "https://releases.nixos.org/nixos/25.05/nixos-25.05.802491.7c43f080a7f2/nixexprs.tar.xz"
      },
      "original": {
        "type": "tarball",
        "url": "https://channels.nixos.org/nixos-25.05/nixexprs.tar.xz"
      }
    },
    "nixpkgs_6": {
      "locked": {
        "lastModified": 1737469691,
        "narHash": "sha256-nmKOgAU48S41dTPIXAq0AHZSehWUn6ZPrUKijHAMmIk=",
        "owner": "NixOS",
        "repo": "nixpkgs",
        "rev": "9e4d5190a9482a1fb9d18adf0bdb83c6e506eaab",
        "type": "github"
      },
      "original": {
        "owner": "NixOS",
        "ref": "nixos-unstable",
        "repo": "nixpkgs",
        "type": "github"
      }
    },
    "nixpkgs_7": {
      "locked": {
        "lastModified": 1746461020,
        "narHash": "sha256-7+pG1I9jvxNlmln4YgnlW4o+w0TZX24k688mibiFDUE=",
        "owner": "NixOS",
        "repo": "nixpkgs",
        "rev": "3730d8a308f94996a9ba7c7138ede69c1b9ac4ae",
        "type": "github"
      },
      "original": {
        "owner": "NixOS",
        "ref": "nixos-unstable",
        "repo": "nixpkgs",
        "type": "github"
      }
    },
    "nixpkgs_8": {
      "locked": {
        "lastModified": 1744463964,
        "narHash": "sha256-LWqduOgLHCFxiTNYi3Uj5Lgz0SR+Xhw3kr/3Xd0GPTM=",
        "owner": "NixOS",
        "repo": "nixpkgs",
        "rev": "2631b0b7abcea6e640ce31cd78ea58910d31e650",
        "type": "github"
      },
      "original": {
        "owner": "NixOS",
        "ref": "nixos-unstable",
        "repo": "nixpkgs",
        "type": "github"
      }
    },
    "nixpkgs_9": {
      "locked": {
        "lastModified": 1745930157,
        "narHash": "sha256-y3h3NLnzRSiUkYpnfvnS669zWZLoqqI6NprtLQ+5dck=",
        "owner": "NixOS",
        "repo": "nixpkgs",
        "rev": "46e634be05ce9dc6d4db8e664515ba10b78151ae",
        "type": "github"
      },
      "original": {
        "owner": "NixOS",
        "ref": "nixos-unstable",
        "repo": "nixpkgs",
        "type": "github"
      }
    },
    "pre-commit-hooks": {
      "inputs": {
        "flake-compat": "flake-compat_2",
        "gitignore": "gitignore",
        "nixpkgs": [
          "hyprland",
          "nixpkgs"
        ]
      },
      "locked": {
        "lastModified": 1746537231,
        "narHash": "sha256-Wb2xeSyOsCoTCTj7LOoD6cdKLEROyFAArnYoS+noCWo=",
        "owner": "cachix",
        "repo": "git-hooks.nix",
        "rev": "fa466640195d38ec97cf0493d6d6882bc4d14969",
        "type": "github"
      },
      "original": {
        "owner": "cachix",
        "repo": "git-hooks.nix",
        "type": "github"
      }
    },
    "root": {
      "inputs": {
        "alacritty-theme": "alacritty-theme",
        "ashell": "ashell",
        "bzmenu": "bzmenu",
        "ghostty": "ghostty",
        "home-manager": "home-manager",
        "hypridle": "hypridle",
        "hyprland": "hyprland",
        "hyprland-plugins": "hyprland-plugins",
        "hyprland-systeminfo": "hyprland-systeminfo",
        "hyprlock": "hyprlock",
        "iwmenu": "iwmenu",
        "matugen": "matugen",
        "nix-flatpak": "nix-flatpak",
        "nixos-hardware": "nixos-hardware",
        "nixpkgs": "nixpkgs_12",
        "nixpkgs-unstable": "nixpkgs-unstable",
        "walker": "walker",
        "waybar": "waybar"
      }
    },
    "rust-overlay": {
      "inputs": {
        "nixpkgs": [
          "ashell",
          "nixpkgs"
        ]
      },
      "locked": {
        "lastModified": 1748140821,
        "narHash": "sha256-GZcjWLQtDifSYMd1ueLDmuVTcQQdD5mONIBTqABooOk=",
        "owner": "oxalica",
        "repo": "rust-overlay",
        "rev": "476b2ba7dc99ddbf70b1f45357dbbdbdbdfb4422",
        "type": "github"
      },
      "original": {
        "owner": "oxalica",
        "repo": "rust-overlay",
        "type": "github"
      }
    },
    "rust-overlay_2": {
      "inputs": {
        "nixpkgs": "nixpkgs_4"
      },
      "locked": {
        "lastModified": 1746671794,
        "narHash": "sha256-V+mpk2frYIEm85iYf+KPDmCGG3zBRAEhbv0E3lHdG2U=",
        "owner": "oxalica",
        "repo": "rust-overlay",
        "rev": "ceec434b8741c66bb8df5db70d7e629a9d9c598f",
        "type": "github"
      },
      "original": {
        "owner": "oxalica",
        "repo": "rust-overlay",
        "type": "github"
      }
    },
    "rust-overlay_3": {
      "inputs": {
        "nixpkgs": "nixpkgs_10"
      },
      "locked": {
        "lastModified": 1745980514,
        "narHash": "sha256-CITAeiuXGjDvT5iZBXr6vKVWQwsUQLJUMFO91bfJFC4=",
        "owner": "oxalica",
        "repo": "rust-overlay",
        "rev": "7fbdae44b0f40ea432e46fd152ad8be0f8f41ad6",
        "type": "github"
      },
      "original": {
        "owner": "oxalica",
        "repo": "rust-overlay",
        "type": "github"
      }
    },
    "systems": {
      "locked": {
        "lastModified": 1681028828,
        "narHash": "sha256-Vy1rq5AaRuLzOxct8nz4T6wlgyUR7zLU309k9mBC768=",
        "owner": "nix-systems",
        "repo": "default",
        "rev": "da67096a3b9bf56a91d16901293e51ba5b49a27e",
        "type": "github"
      },
      "original": {
        "owner": "nix-systems",
        "repo": "default",
        "type": "github"
      }
    },
    "systems_10": {
      "locked": {
        "lastModified": 1689347949,
        "narHash": "sha256-12tWmuL2zgBgZkdoB6qXZsgJEH9LR3oUgpaQq2RbI80=",
        "owner": "nix-systems",
        "repo": "default-linux",
        "rev": "31732fcf5e8fea42e59c2488ad31a0e651500f68",
        "type": "github"
      },
      "original": {
        "owner": "nix-systems",
        "repo": "default-linux",
        "type": "github"
      }
    },
    "systems_2": {
      "locked": {
        "lastModified": 1681028828,
        "narHash": "sha256-Vy1rq5AaRuLzOxct8nz4T6wlgyUR7zLU309k9mBC768=",
        "owner": "nix-systems",
        "repo": "default",
        "rev": "da67096a3b9bf56a91d16901293e51ba5b49a27e",
        "type": "github"
      },
      "original": {
        "owner": "nix-systems",
        "repo": "default",
        "type": "github"
      }
    },
    "systems_3": {
      "locked": {
        "lastModified": 1681028828,
        "narHash": "sha256-Vy1rq5AaRuLzOxct8nz4T6wlgyUR7zLU309k9mBC768=",
        "owner": "nix-systems",
        "repo": "default",
        "rev": "da67096a3b9bf56a91d16901293e51ba5b49a27e",
        "type": "github"
      },
      "original": {
        "owner": "nix-systems",
        "repo": "default",
        "type": "github"
      }
    },
    "systems_4": {
      "locked": {
        "lastModified": 1689347949,
        "narHash": "sha256-12tWmuL2zgBgZkdoB6qXZsgJEH9LR3oUgpaQq2RbI80=",
        "owner": "nix-systems",
        "repo": "default-linux",
        "rev": "31732fcf5e8fea42e59c2488ad31a0e651500f68",
        "type": "github"
      },
      "original": {
        "owner": "nix-systems",
        "repo": "default-linux",
        "type": "github"
      }
    },
    "systems_5": {
      "locked": {
        "lastModified": 1689347949,
        "narHash": "sha256-12tWmuL2zgBgZkdoB6qXZsgJEH9LR3oUgpaQq2RbI80=",
        "owner": "nix-systems",
        "repo": "default-linux",
        "rev": "31732fcf5e8fea42e59c2488ad31a0e651500f68",
        "type": "github"
      },
      "original": {
        "owner": "nix-systems",
        "repo": "default-linux",
        "type": "github"
      }
    },
    "systems_6": {
      "locked": {
        "lastModified": 1689347949,
        "narHash": "sha256-12tWmuL2zgBgZkdoB6qXZsgJEH9LR3oUgpaQq2RbI80=",
        "owner": "nix-systems",
        "repo": "default-linux",
        "rev": "31732fcf5e8fea42e59c2488ad31a0e651500f68",
        "type": "github"
      },
      "original": {
        "owner": "nix-systems",
        "repo": "default-linux",
        "type": "github"
      }
    },
    "systems_7": {
      "locked": {
        "lastModified": 1689347949,
        "narHash": "sha256-12tWmuL2zgBgZkdoB6qXZsgJEH9LR3oUgpaQq2RbI80=",
        "owner": "nix-systems",
        "repo": "default-linux",
        "rev": "31732fcf5e8fea42e59c2488ad31a0e651500f68",
        "type": "github"
      },
      "original": {
        "owner": "nix-systems",
        "repo": "default-linux",
        "type": "github"
      }
    },
    "systems_8": {
      "locked": {
        "lastModified": 1681028828,
        "narHash": "sha256-Vy1rq5AaRuLzOxct8nz4T6wlgyUR7zLU309k9mBC768=",
        "owner": "nix-systems",
        "repo": "default",
        "rev": "da67096a3b9bf56a91d16901293e51ba5b49a27e",
        "type": "github"
      },
      "original": {
        "owner": "nix-systems",
        "repo": "default",
        "type": "github"
      }
    },
    "systems_9": {
      "locked": {
        "lastModified": 1689347949,
        "narHash": "sha256-12tWmuL2zgBgZkdoB6qXZsgJEH9LR3oUgpaQq2RbI80=",
        "owner": "nix-systems",
        "repo": "default-linux",
        "rev": "31732fcf5e8fea42e59c2488ad31a0e651500f68",
        "type": "github"
      },
      "original": {
        "owner": "nix-systems",
        "repo": "default-linux",
        "type": "github"
      }
    },
    "walker": {
      "inputs": {
        "nixpkgs": "nixpkgs_13",
        "systems": "systems_10"
      },
      "locked": {
        "lastModified": 1748171996,
        "narHash": "sha256-DUbOu45ls/h0Nnrrue/t0R12yNOhL6GegjGL1pV6BAQ=",
        "owner": "abenz1267",
        "repo": "walker",
        "rev": "3325c8b6b30f63013c54f29d45fb331214f62e46",
        "type": "github"
      },
      "original": {
        "owner": "abenz1267",
        "ref": "v0.12.23",
        "repo": "walker",
        "type": "github"
      }
    },
    "waybar": {
      "inputs": {
        "flake-compat": "flake-compat_3",
        "nixpkgs": [
          "nixpkgs"
        ]
      },
      "locked": {
        "lastModified": 1726213871,
        "narHash": "sha256-3lc0voMU5RS+mEtxKuRayq/uJO09X7byq6Rm5NZohq8=",
        "ref": "refs/tags/0.11.0",
        "rev": "d56dd6ee7fdf8c5ba4e90790af62b7f7829d3a47",
        "revCount": 3646,
        "type": "git",
        "url": "https://github.com/Alexays/Waybar"
      },
      "original": {
        "ref": "refs/tags/0.11.0",
        "type": "git",
        "url": "https://github.com/Alexays/Waybar"
      }
    },
    "xdph": {
      "inputs": {
        "hyprland-protocols": [
          "hyprland",
          "hyprland-protocols"
        ],
        "hyprlang": [
          "hyprland",
          "hyprlang"
        ],
        "hyprutils": [
          "hyprland",
          "hyprutils"
        ],
        "hyprwayland-scanner": [
          "hyprland",
          "hyprwayland-scanner"
        ],
        "nixpkgs": [
          "hyprland",
          "nixpkgs"
        ],
        "systems": [
          "hyprland",
          "systems"
        ]
      },
      "locked": {
        "lastModified": 1745871725,
        "narHash": "sha256-M24SNc2flblWGXFkGQfqSlEOzAGZnMc9QG3GH4K/KbE=",
        "owner": "hyprwm",
        "repo": "xdg-desktop-portal-hyprland",
        "rev": "76bbf1a6b1378e4ab5230bad00ad04bc287c969e",
        "type": "github"
      },
      "original": {
        "owner": "hyprwm",
        "repo": "xdg-desktop-portal-hyprland",
        "type": "github"
      }
    },
    "zig": {
      "inputs": {
        "flake-compat": [
          "ghostty"
        ],
        "flake-utils": [
          "ghostty",
          "flake-utils"
        ],
        "nixpkgs": [
          "ghostty",
          "nixpkgs"
        ]
      },
      "locked": {
        "lastModified": 1748261582,
        "narHash": "sha256-3i0IL3s18hdDlbsf0/E+5kyPRkZwGPbSFngq5eToiAA=",
        "owner": "mitchellh",
        "repo": "zig-overlay",
        "rev": "aafb1b093fb838f7a02613b719e85ec912914221",
        "type": "github"
      },
      "original": {
        "owner": "mitchellh",
        "repo": "zig-overlay",
        "type": "github"
      }
    },
    "zon2nix": {
      "inputs": {
        "flake-utils": [
          "ghostty",
          "flake-utils"
        ],
        "nixpkgs": [
          "ghostty",
          "nixpkgs"
        ]
      },
      "locked": {
        "lastModified": 1742104771,
        "narHash": "sha256-LhidlyEA9MP8jGe1rEnyjGFCzLLgCdDpYeWggibayr0=",
        "owner": "jcollie",
        "repo": "zon2nix",
        "rev": "56c159be489cc6c0e73c3930bd908ddc6fe89613",
        "type": "github"
      },
      "original": {
        "owner": "jcollie",
        "ref": "56c159be489cc6c0e73c3930bd908ddc6fe89613",
        "repo": "zon2nix",
        "type": "github"
      }
    }
  },
  "root": "root",
  "version": 7
}
