{
  "nodes": {
    "alacritty-theme": {
      "inputs": {
        "alacritty-theme": "alacritty-theme_2",
        "flake-parts": "flake-parts",
        "nixpkgs": "nixpkgs"
      },
      "locked": {
        "lastModified": 1722526024,
        "narHash": "sha256-kt9YUDyYOrTAwHdQgOlOYfuC4tqrLSVrmbiIDW7r3g0=",
        "owner": "alexghr",
        "repo": "alacritty-theme.nix",
        "rev": "a0bb7695365cd465a1cb5ac974468ad766d82f35",
        "type": "github"
      },
      "original": {
        "owner": "alexghr",
        "repo": "alacritty-theme.nix",
        "type": "github"
      }
    },
    "alacritty-theme_2": {
      "flake": false,
      "locked": {
        "lastModified": 1722389905,
        "narHash": "sha256-1tt4GL3KNa3S4dEFiRZf4B1+CM6e7/gO3Q34847lYkI=",
        "owner": "alacritty",
        "repo": "alacritty-theme",
        "rev": "4091fddff8da892d5594e94116927c7445620867",
        "type": "github"
      },
      "original": {
        "owner": "alacritty",
        "repo": "alacritty-theme",
        "type": "github"
      }
    },
    "aquamarine": {
      "inputs": {
        "hyprutils": [
          "hyprland",
          "hyprutils"
        ],
        "hyprwayland-scanner": [
          "hyprland",
          "hyprwayland-scanner"
        ],
        "nixpkgs": [
          "hyprland",
          "nixpkgs"
        ],
        "systems": [
          "hyprland",
          "systems"
        ]
      },
      "locked": {
        "lastModified": 1722347739,
        "narHash": "sha256-rAoh+K6KG+b1DwSWtqRVocdojnH6nGk6q07mNltoUSM=",
        "owner": "hyprwm",
        "repo": "aquamarine",
        "rev": "7c3565f9bedc7cb601cc0baa14792247e4dc1d5a",
        "type": "github"
      },
      "original": {
        "owner": "hyprwm",
        "repo": "aquamarine",
        "type": "github"
      }
    },
    "flake-compat": {
      "flake": false,
      "locked": {
        "lastModified": 1696426674,
        "narHash": "sha256-kvjfFW7WAETZlt09AgDn1MrtKzP7t90Vf7vypd3OL1U=",
        "owner": "edolstra",
        "repo": "flake-compat",
        "rev": "0f9255e01c2351cc7d116c072cb317785dd33b33",
        "type": "github"
      },
      "original": {
        "owner": "edolstra",
        "repo": "flake-compat",
        "type": "github"
      }
    },
    "flake-parts": {
      "inputs": {
        "nixpkgs-lib": "nixpkgs-lib"
      },
      "locked": {
        "lastModified": 1683560683,
        "narHash": "sha256-XAygPMN5Xnk/W2c1aW0jyEa6lfMDZWlQgiNtmHXytPc=",
        "owner": "hercules-ci",
        "repo": "flake-parts",
        "rev": "006c75898cf814ef9497252b022e91c946ba8e17",
        "type": "github"
      },
      "original": {
        "owner": "hercules-ci",
        "repo": "flake-parts",
        "type": "github"
      }
    },
    "flake-utils": {
      "inputs": {
        "systems": "systems_6"
      },
      "locked": {
        "lastModified": 1710146030,
        "narHash": "sha256-SZ5L6eA7HJ/nmkzGG7/ISclqe6oZdOZTNoesiInkXPQ=",
        "owner": "numtide",
        "repo": "flake-utils",
        "rev": "b1d9ab70662946ef0850d488da1c9019f3a9752a",
        "type": "github"
      },
      "original": {
        "owner": "numtide",
        "repo": "flake-utils",
        "type": "github"
      }
    },
    "home-manager": {
      "inputs": {
        "nixpkgs": [
          "nixpkgs"
        ]
      },
      "locked": {
        "lastModified": 1720042825,
        "narHash": "sha256-A0vrUB6x82/jvf17qPCpxaM+ulJnD8YZwH9Ci0BsAzE=",
        "owner": "nix-community",
        "repo": "home-manager",
        "rev": "e1391fb22e18a36f57e6999c7a9f966dc80ac073",
        "type": "github"
      },
      "original": {
        "owner": "nix-community",
        "ref": "release-24.05",
        "repo": "home-manager",
        "type": "github"
      }
    },
    "hyprcursor": {
      "inputs": {
        "hyprlang": [
          "hyprland",
          "hyprlang"
        ],
        "nixpkgs": [
          "hyprland",
          "nixpkgs"
        ],
        "systems": [
          "hyprland",
          "systems"
        ]
      },
      "locked": {
        "lastModified": 1721330371,
        "narHash": "sha256-aYlHTWylczLt6ERJyg6E66Y/XSCbVL7leVcRuJmVbpI=",
        "owner": "hyprwm",
        "repo": "hyprcursor",
        "rev": "4493a972b48f9c3014befbbf381ed5fff91a65dc",
        "type": "github"
      },
      "original": {
        "owner": "hyprwm",
        "repo": "hyprcursor",
        "type": "github"
      }
    },
    "hypridle": {
      "inputs": {
        "hyprlang": "hyprlang",
        "nixpkgs": "nixpkgs_2",
        "systems": "systems_2"
      },
      "locked": {
        "lastModified": 1713472482,
        "narHash": "sha256-7Ft5WZTMIjXOGgRCf31DZBwK6RK8xkeKlD5vFXz3gII=",
        "owner": "hyprwm",
        "repo": "hypridle",
        "rev": "7cff4581a3753154fc5b41f39a098fad49b777b1",
        "type": "github"
      },
      "original": {
        "owner": "hyprwm",
        "ref": "v0.1.2",
        "repo": "hypridle",
        "type": "github"
      }
    },
    "hyprland": {
      "inputs": {
        "aquamarine": "aquamarine",
        "hyprcursor": "hyprcursor",
        "hyprlang": "hyprlang_2",
        "hyprutils": "hyprutils",
        "hyprwayland-scanner": "hyprwayland-scanner",
        "nixpkgs": [
          "nixpkgs"
        ],
        "systems": "systems_3",
        "xdph": "xdph"
      },
      "locked": {
        "lastModified": 1723058230,
        "narHash": "sha256-deu8zvgseDg2gQEnZiCda4TrbA6pleE9iItoZlsoMtE=",
        "ref": "refs/tags/v0.42.0",
        "rev": "9a09eac79b85c846e3a865a9078a3f8ff65a9259",
        "revCount": 5069,
        "submodules": true,
        "type": "git",
        "url": "https://github.com/hyprwm/Hyprland"
      },
      "original": {
        "ref": "refs/tags/v0.42.0",
        "submodules": true,
        "type": "git",
        "url": "https://github.com/hyprwm/Hyprland"
      }
    },
    "hyprland-plugins": {
      "inputs": {
        "hyprland": [
          "hyprland"
        ],
        "nixpkgs": [
          "hyprland-plugins",
          "hyprland",
          "nixpkgs"
        ],
        "systems": [
          "hyprland-plugins",
          "hyprland",
          "systems"
        ]
      },
      "locked": {
        "lastModified": 1723143591,
        "narHash": "sha256-dPcWAeRJoG5CyWC32X3XX+Og0v/k1/S1N0T5dQWT32k=",
        "owner": "hyprwm",
        "repo": "hyprland-plugins",
        "rev": "b73d7b901d8cb1172dd25c7b7159f0242c625a77",
        "type": "github"
      },
      "original": {
        "owner": "hyprwm",
        "repo": "hyprland-plugins",
        "type": "github"
      }
    },
    "hyprland-protocols": {
      "inputs": {
        "nixpkgs": [
          "hyprland",
          "xdph",
          "nixpkgs"
        ],
        "systems": [
          "hyprland",
          "xdph",
          "systems"
        ]
      },
      "locked": {
        "lastModified": 1721326555,
        "narHash": "sha256-zCu4R0CSHEactW9JqYki26gy8h9f6rHmSwj4XJmlHgg=",
        "owner": "hyprwm",
        "repo": "hyprland-protocols",
        "rev": "5a11232266bf1a1f5952d5b179c3f4b2facaaa84",
        "type": "github"
      },
      "original": {
        "owner": "hyprwm",
        "repo": "hyprland-protocols",
        "type": "github"
      }
    },
    "hyprlang": {
      "inputs": {
        "nixpkgs": [
          "hypridle",
          "nixpkgs"
        ],
        "systems": "systems"
      },
      "locked": {
        "lastModified": 1713121246,
        "narHash": "sha256-502X0Q0fhN6tJK7iEUA8CghONKSatW/Mqj4Wappd++0=",
        "owner": "hyprwm",
        "repo": "hyprlang",
        "rev": "78fcaa27ae9e1d782faa3ff06c8ea55ddce63706",
        "type": "github"
      },
      "original": {
        "owner": "hyprwm",
        "repo": "hyprlang",
        "type": "github"
      }
    },
    "hyprlang_2": {
      "inputs": {
        "hyprutils": [
          "hyprland",
          "hyprutils"
        ],
        "nixpkgs": [
          "hyprland",
          "nixpkgs"
        ],
        "systems": [
          "hyprland",
          "systems"
        ]
      },
      "locked": {
        "lastModified": 1721324361,
        "narHash": "sha256-BiJKO0IIdnSwHQBSrEJlKlFr753urkLE48wtt0UhNG4=",
        "owner": "hyprwm",
        "repo": "hyprlang",
        "rev": "adbefbf49664a6c2c8bf36b6487fd31e3eb68086",
        "type": "github"
      },
      "original": {
        "owner": "hyprwm",
        "repo": "hyprlang",
        "type": "github"
      }
    },
    "hyprlang_3": {
      "inputs": {
        "hyprutils": [
          "hyprlock",
          "hyprutils"
        ],
        "nixpkgs": [
          "hyprlock",
          "nixpkgs"
        ],
        "systems": [
          "hyprlock",
          "systems"
        ]
      },
      "locked": {
        "lastModified": 1721324361,
        "narHash": "sha256-BiJKO0IIdnSwHQBSrEJlKlFr753urkLE48wtt0UhNG4=",
        "owner": "hyprwm",
        "repo": "hyprlang",
        "rev": "adbefbf49664a6c2c8bf36b6487fd31e3eb68086",
        "type": "github"
      },
      "original": {
        "owner": "hyprwm",
        "repo": "hyprlang",
        "type": "github"
      }
    },
    "hyprlock": {
      "inputs": {
        "hyprlang": "hyprlang_3",
        "hyprutils": "hyprutils_2",
        "nixpkgs": "nixpkgs_3",
        "systems": "systems_4"
      },
      "locked": {
        "lastModified": 1721563228,
        "narHash": "sha256-w+AyYuqlZ/uWEimiptlHjtDFECm/JlUOD2ciCw8/+/8=",
        "owner": "hyprwm",
        "repo": "hyprlock",
        "rev": "dba9d8b5175a6f23463035aafc6b0c741f9b73a5",
        "type": "github"
      },
      "original": {
        "owner": "hyprwm",
        "ref": "v0.4.1",
        "repo": "hyprlock",
        "type": "github"
      }
    },
    "hyprutils": {
      "inputs": {
        "nixpkgs": [
          "hyprland",
          "nixpkgs"
        ],
        "systems": [
          "hyprland",
          "systems"
        ]
      },
      "locked": {
        "lastModified": 1722098849,
        "narHash": "sha256-D3wIZlBNh7LuZ0NaoCpY/Pvu+xHxIVtSN+KkWZYvvVs=",
        "owner": "hyprwm",
        "repo": "hyprutils",
        "rev": "5dcbbc1e3de40b2cecfd2007434d86e924468f1f",
        "type": "github"
      },
      "original": {
        "owner": "hyprwm",
        "repo": "hyprutils",
        "type": "github"
      }
    },
    "hyprutils_2": {
      "inputs": {
        "nixpkgs": [
          "hyprlock",
          "nixpkgs"
        ],
        "systems": [
          "hyprlock",
          "systems"
        ]
      },
      "locked": {
        "lastModified": 1721324102,
        "narHash": "sha256-WAZ0X6yJW1hFG6otkHBfyJDKRpNP5stsRqdEuHrFRpk=",
        "owner": "hyprwm",
        "repo": "hyprutils",
        "rev": "962582a090bc233c4de9d9897f46794280288989",
        "type": "github"
      },
      "original": {
        "owner": "hyprwm",
        "repo": "hyprutils",
        "type": "github"
      }
    },
    "hyprwayland-scanner": {
      "inputs": {
        "nixpkgs": [
          "hyprland",
          "nixpkgs"
        ],
        "systems": [
          "hyprland",
          "systems"
        ]
      },
      "locked": {
        "lastModified": 1721324119,
        "narHash": "sha256-SOOqIT27/X792+vsLSeFdrNTF+OSRp5qXv6Te+fb2Qg=",
        "owner": "hyprwm",
        "repo": "hyprwayland-scanner",
        "rev": "a048a6cb015340bd82f97c1f40a4b595ca85cc30",
        "type": "github"
      },
      "original": {
        "owner": "hyprwm",
        "repo": "hyprwayland-scanner",
        "type": "github"
      }
    },
    "matugen": {
      "inputs": {
        "nixpkgs": "nixpkgs_4",
        "systems": "systems_5"
      },
      "locked": {
        "lastModified": 1717105123,
        "narHash": "sha256-WFitpFF1Ah4HkzSe4H4aN/ZM0EEIcP5ozLMUWaDggFU=",
        "owner": "InioX",
        "repo": "matugen",
        "rev": "b399acbf6bb594d983926ec3b9194af86aee6224",
        "type": "github"
      },
      "original": {
        "owner": "InioX",
        "ref": "v2.3.0",
        "repo": "matugen",
        "type": "github"
      }
    },
    "neovim-flake": {
      "inputs": {
        "flake-utils": "flake-utils",
        "nixpkgs": "nixpkgs_5"
      },
      "locked": {
        "dir": "contrib",
        "lastModified": 1721805605,
        "narHash": "sha256-OsHIacgorYnB/dPbzl1b6rYUzQdhTtsJYLsFLJxregk=",
        "owner": "neovim",
        "repo": "neovim",
        "rev": "7e194f0d0c33a0a1b7ccfaf2baafdacf7f22fbb5",
        "type": "github"
      },
      "original": {
        "dir": "contrib",
        "owner": "neovim",
        "ref": "v0.10.1",
        "repo": "neovim",
        "type": "github"
      }
    },
    "nixos-hardware": {
      "locked": {
        "lastModified": 1724878143,
        "narHash": "sha256-UjpKo92iZ25M05kgSOw/Ti6VZwpgdlOa73zHj8OcaDk=",
        "owner": "nixos",
        "repo": "nixos-hardware",
        "rev": "95c3dfe6ef2e96ddc1ccdd7194e3cda02ca9a8ef",
        "type": "github"
      },
      "original": {
        "owner": "nixos",
        "repo": "nixos-hardware",
        "type": "github"
      }
    },
    "nixpkgs": {
      "locked": {
        "lastModified": 1703961334,
        "narHash": "sha256-M1mV/Cq+pgjk0rt6VxoyyD+O8cOUiai8t9Q6Yyq4noY=",
        "owner": "NixOS",
        "repo": "nixpkgs",
        "rev": "b0d36bd0a420ecee3bc916c91886caca87c894e9",
        "type": "github"
      },
      "original": {
        "owner": "NixOS",
        "ref": "nixos-unstable",
        "repo": "nixpkgs",
        "type": "github"
      }
    },
    "nixpkgs-lib": {
      "locked": {
        "dir": "lib",
        "lastModified": 1682879489,
        "narHash": "sha256-sASwo8gBt7JDnOOstnps90K1wxmVfyhsTPPNTGBPjjg=",
        "owner": "NixOS",
        "repo": "nixpkgs",
        "rev": "da45bf6ec7bbcc5d1e14d3795c025199f28e0de0",
        "type": "github"
      },
      "original": {
        "dir": "lib",
        "owner": "NixOS",
        "ref": "nixos-unstable",
        "repo": "nixpkgs",
        "type": "github"
      }
    },
    "nixpkgs-unstable": {
      "locked": {
        "lastModified": 1724819573,
        "narHash": "sha256-GnR7/ibgIH1vhoy8cYdmXE6iyZqKqFxQSVkFgosBh6w=",
        "owner": "NixOS",
        "repo": "nixpkgs",
        "rev": "71e91c409d1e654808b2621f28a327acfdad8dc2",
        "type": "github"
      },
      "original": {
        "owner": "NixOS",
        "ref": "nixos-unstable",
        "repo": "nixpkgs",
        "type": "github"
      }
    },
    "nixpkgs_2": {
      "locked": {
        "lastModified": 1712963716,
        "narHash": "sha256-WKm9CvgCldeIVvRz87iOMi8CFVB1apJlkUT4GGvA0iM=",
        "owner": "NixOS",
        "repo": "nixpkgs",
        "rev": "cfd6b5fc90b15709b780a5a1619695a88505a176",
        "type": "github"
      },
      "original": {
        "owner": "NixOS",
        "ref": "nixos-unstable",
        "repo": "nixpkgs",
        "type": "github"
      }
    },
    "nixpkgs_3": {
      "locked": {
        "lastModified": 1721138476,
        "narHash": "sha256-+W5eZOhhemLQxelojLxETfbFbc19NWawsXBlapYpqIA=",
        "owner": "NixOS",
        "repo": "nixpkgs",
        "rev": "ad0b5eed1b6031efaed382844806550c3dcb4206",
        "type": "github"
      },
      "original": {
        "owner": "NixOS",
        "ref": "nixos-unstable",
        "repo": "nixpkgs",
        "type": "github"
      }
    },
    "nixpkgs_4": {
      "locked": {
        "lastModified": 1716330097,
        "narHash": "sha256-8BO3B7e3BiyIDsaKA0tY8O88rClYRTjvAp66y+VBUeU=",
        "owner": "nixos",
        "repo": "nixpkgs",
        "rev": "5710852ba686cc1fd0d3b8e22b3117d43ba374c2",
        "type": "github"
      },
      "original": {
        "owner": "nixos",
        "ref": "nixos-unstable",
        "repo": "nixpkgs",
        "type": "github"
      }
    },
    "nixpkgs_5": {
      "locked": {
        "lastModified": 1713248628,
        "narHash": "sha256-NLznXB5AOnniUtZsyy/aPWOk8ussTuePp2acb9U+ISA=",
        "owner": "nixos",
        "repo": "nixpkgs",
        "rev": "5672bc9dbf9d88246ddab5ac454e82318d094bb8",
        "type": "github"
      },
      "original": {
        "owner": "nixos",
        "ref": "nixos-unstable",
        "repo": "nixpkgs",
        "type": "github"
      }
    },
    "nixpkgs_6": {
      "locked": {
        "lastModified": 1725001927,
        "narHash": "sha256-eV+63gK0Mp7ygCR0Oy4yIYSNcum2VQwnZamHxYTNi+M=",
        "owner": "NixOS",
        "repo": "nixpkgs",
        "rev": "6e99f2a27d600612004fbd2c3282d614bfee6421",
        "type": "github"
      },
      "original": {
        "owner": "NixOS",
        "ref": "nixos-24.05",
        "repo": "nixpkgs",
        "type": "github"
      }
    },
    "root": {
      "inputs": {
        "alacritty-theme": "alacritty-theme",
        "home-manager": "home-manager",
        "hypridle": "hypridle",
        "hyprland": "hyprland",
        "hyprland-plugins": "hyprland-plugins",
        "hyprlock": "hyprlock",
        "matugen": "matugen",
        "neovim-flake": "neovim-flake",
        "nixos-hardware": "nixos-hardware",
        "nixpkgs": "nixpkgs_6",
        "nixpkgs-unstable": "nixpkgs-unstable",
        "waybar": "waybar"
      }
    },
    "systems": {
      "locked": {
        "lastModified": 1689347949,
        "narHash": "sha256-12tWmuL2zgBgZkdoB6qXZsgJEH9LR3oUgpaQq2RbI80=",
        "owner": "nix-systems",
        "repo": "default-linux",
        "rev": "31732fcf5e8fea42e59c2488ad31a0e651500f68",
        "type": "github"
      },
      "original": {
        "owner": "nix-systems",
        "repo": "default-linux",
        "type": "github"
      }
    },
    "systems_2": {
      "locked": {
        "lastModified": 1689347949,
        "narHash": "sha256-12tWmuL2zgBgZkdoB6qXZsgJEH9LR3oUgpaQq2RbI80=",
        "owner": "nix-systems",
        "repo": "default-linux",
        "rev": "31732fcf5e8fea42e59c2488ad31a0e651500f68",
        "type": "github"
      },
      "original": {
        "owner": "nix-systems",
        "repo": "default-linux",
        "type": "github"
      }
    },
    "systems_3": {
      "locked": {
        "lastModified": 1689347949,
        "narHash": "sha256-12tWmuL2zgBgZkdoB6qXZsgJEH9LR3oUgpaQq2RbI80=",
        "owner": "nix-systems",
        "repo": "default-linux",
        "rev": "31732fcf5e8fea42e59c2488ad31a0e651500f68",
        "type": "github"
      },
      "original": {
        "owner": "nix-systems",
        "repo": "default-linux",
        "type": "github"
      }
    },
    "systems_4": {
      "locked": {
        "lastModified": 1689347949,
        "narHash": "sha256-12tWmuL2zgBgZkdoB6qXZsgJEH9LR3oUgpaQq2RbI80=",
        "owner": "nix-systems",
        "repo": "default-linux",
        "rev": "31732fcf5e8fea42e59c2488ad31a0e651500f68",
        "type": "github"
      },
      "original": {
        "owner": "nix-systems",
        "repo": "default-linux",
        "type": "github"
      }
    },
    "systems_5": {
      "locked": {
        "lastModified": 1689347949,
        "narHash": "sha256-12tWmuL2zgBgZkdoB6qXZsgJEH9LR3oUgpaQq2RbI80=",
        "owner": "nix-systems",
        "repo": "default-linux",
        "rev": "31732fcf5e8fea42e59c2488ad31a0e651500f68",
        "type": "github"
      },
      "original": {
        "owner": "nix-systems",
        "repo": "default-linux",
        "type": "github"
      }
    },
    "systems_6": {
      "locked": {
        "lastModified": 1681028828,
        "narHash": "sha256-Vy1rq5AaRuLzOxct8nz4T6wlgyUR7zLU309k9mBC768=",
        "owner": "nix-systems",
        "repo": "default",
        "rev": "da67096a3b9bf56a91d16901293e51ba5b49a27e",
        "type": "github"
      },
      "original": {
        "owner": "nix-systems",
        "repo": "default",
        "type": "github"
      }
    },
    "waybar": {
      "inputs": {
        "flake-compat": "flake-compat",
        "nixpkgs": [
          "nixpkgs"
        ]
      },
      "locked": {
        "lastModified": 1721250245,
        "narHash": "sha256-/JW3WnRLpfz8j+9Zc9YkK63i8DjHrKwv9PWKIMz3MVI=",
        "ref": "refs/tags/0.10.4",
        "rev": "15e1547661bfc5fe9b3d45bb0d9cea11cf07db7f",
        "revCount": 3597,
        "type": "git",
        "url": "https://github.com/Alexays/Waybar"
      },
      "original": {
        "ref": "refs/tags/0.10.4",
        "type": "git",
        "url": "https://github.com/Alexays/Waybar"
      }
    },
    "xdph": {
      "inputs": {
        "hyprland-protocols": "hyprland-protocols",
        "hyprlang": [
          "hyprland",
          "hyprlang"
        ],
        "nixpkgs": [
          "hyprland",
          "nixpkgs"
        ],
        "systems": [
          "hyprland",
          "systems"
        ]
      },
      "locked": {
        "lastModified": 1722365976,
        "narHash": "sha256-Khdm+mDzYA//XaU0M+hftod+rKr5q9SSHSEuiQ0/9ow=",
        "owner": "hyprwm",
        "repo": "xdg-desktop-portal-hyprland",
        "rev": "7f2a77ddf60390248e2a3de2261d7102a13e5341",
        "type": "github"
      },
      "original": {
        "owner": "hyprwm",
        "repo": "xdg-desktop-portal-hyprland",
        "type": "github"
      }
    }
  },
  "root": "root",
  "version": 7
}
